// !$*UTF8*$!
{
	archiveVersion = 1;
	classes = {
	};
	objectVersion = 51;
	objects = {

/* Begin PBXBuildFile section */
		01363B0F25F1EFC4001E4E82 /* pie.py in Resources */ = {isa = PBXBuildFile; fileRef = 01363B0E25F1EFC4001E4E82 /* pie.py */; };
		0155020525EF5D72000FA21B /* AppDelegate.swift in Sources */ = {isa = PBXBuildFile; fileRef = 0155020425EF5D72000FA21B /* AppDelegate.swift */; };
		0155020725EF5D72000FA21B /* ViewController.swift in Sources */ = {isa = PBXBuildFile; fileRef = 0155020625EF5D72000FA21B /* ViewController.swift */; };
		0155020925EF5D74000FA21B /* Assets.xcassets in Resources */ = {isa = PBXBuildFile; fileRef = 0155020825EF5D74000FA21B /* Assets.xcassets */; };
		0155020C25EF5D74000FA21B /* Main.storyboard in Resources */ = {isa = PBXBuildFile; fileRef = 0155020A25EF5D74000FA21B /* Main.storyboard */; };
		01D599F125F0E22B00FB2620 /* search.py in Resources */ = {isa = PBXBuildFile; fileRef = 01D599F025F0E22B00FB2620 /* search.py */; };
		01EFB93425F095E7008A5E6E /* ak.py in Resources */ = {isa = PBXBuildFile; fileRef = 01EFB93325F095E7008A5E6E /* ak.py */; };
		01F2205C25F20CEB00D2E3CE /* template.html in Resources */ = {isa = PBXBuildFile; fileRef = 01F2205B25F20CEB00D2E3CE /* template.html */; };
		01F2206025F226F200D2E3CE /* line.py in Resources */ = {isa = PBXBuildFile; fileRef = 01F2205F25F226F200D2E3CE /* line.py */; };
		2BE313C183F26A90FF60CD8A /* Pods_test_mac.framework in Frameworks */ = {isa = PBXBuildFile; fileRef = 01799BA9B7FC9B099094DE3A /* Pods_test_mac.framework */; };
/* End PBXBuildFile section */

/* Begin PBXFileReference section */
		01363B0E25F1EFC4001E4E82 /* pie.py */ = {isa = PBXFileReference; lastKnownFileType = text.script.python; path = pie.py; sourceTree = "<group>"; };
		0155020125EF5D72000FA21B /* test_mac.app */ = {isa = PBXFileReference; explicitFileType = wrapper.application; includeInIndex = 0; path = test_mac.app; sourceTree = BUILT_PRODUCTS_DIR; };
		0155020425EF5D72000FA21B /* AppDelegate.swift */ = {isa = PBXFileReference; lastKnownFileType = sourcecode.swift; path = AppDelegate.swift; sourceTree = "<group>"; };
		0155020625EF5D72000FA21B /* ViewController.swift */ = {isa = PBXFileReference; lastKnownFileType = sourcecode.swift; path = ViewController.swift; sourceTree = "<group>"; };
		0155020825EF5D74000FA21B /* Assets.xcassets */ = {isa = PBXFileReference; lastKnownFileType = folder.assetcatalog; path = Assets.xcassets; sourceTree = "<group>"; };
		0155020B25EF5D74000FA21B /* Base */ = {isa = PBXFileReference; lastKnownFileType = file.storyboard; name = Base; path = Base.lproj/Main.storyboard; sourceTree = "<group>"; };
		0155020D25EF5D74000FA21B /* Info.plist */ = {isa = PBXFileReference; lastKnownFileType = text.plist.xml; path = Info.plist; sourceTree = "<group>"; };
		0155020E25EF5D74000FA21B /* test_mac.entitlements */ = {isa = PBXFileReference; lastKnownFileType = text.plist.entitlements; path = test_mac.entitlements; sourceTree = "<group>"; };
		01799BA9B7FC9B099094DE3A /* Pods_test_mac.framework */ = {isa = PBXFileReference; explicitFileType = wrapper.framework; includeInIndex = 0; path = Pods_test_mac.framework; sourceTree = BUILT_PRODUCTS_DIR; };
		01D599F025F0E22B00FB2620 /* search.py */ = {isa = PBXFileReference; lastKnownFileType = text.script.python; path = search.py; sourceTree = "<group>"; };
		01EFB93325F095E7008A5E6E /* ak.py */ = {isa = PBXFileReference; lastKnownFileType = text.script.python; path = ak.py; sourceTree = "<group>"; };
		01F2205B25F20CEB00D2E3CE /* template.html */ = {isa = PBXFileReference; lastKnownFileType = text.html; path = template.html; sourceTree = "<group>"; };
		01F2205F25F226F200D2E3CE /* line.py */ = {isa = PBXFileReference; lastKnownFileType = text.script.python; path = line.py; sourceTree = "<group>"; };
		09CC0ACD062D2295B0A59C78 /* Pods-test_mac.debug.xcconfig */ = {isa = PBXFileReference; includeInIndex = 1; lastKnownFileType = text.xcconfig; name = "Pods-test_mac.debug.xcconfig"; path = "Target Support Files/Pods-test_mac/Pods-test_mac.debug.xcconfig"; sourceTree = "<group>"; };
		1869901D61A3F3331222CAC6 /* Pods-test_mac.release.xcconfig */ = {isa = PBXFileReference; includeInIndex = 1; lastKnownFileType = text.xcconfig; name = "Pods-test_mac.release.xcconfig"; path = "Target Support Files/Pods-test_mac/Pods-test_mac.release.xcconfig"; sourceTree = "<group>"; };
/* End PBXFileReference section */

/* Begin PBXFrameworksBuildPhase section */
		015501FE25EF5D72000FA21B /* Frameworks */ = {
			isa = PBXFrameworksBuildPhase;
			buildActionMask = 2147483647;
			files = (
				2BE313C183F26A90FF60CD8A /* Pods_test_mac.framework in Frameworks */,
			);
			runOnlyForDeploymentPostprocessing = 0;
		};
/* End PBXFrameworksBuildPhase section */

/* Begin PBXGroup section */
		015501F825EF5D72000FA21B = {
			isa = PBXGroup;
			children = (
				0155020325EF5D72000FA21B /* test_mac */,
				0155020225EF5D72000FA21B /* Products */,
				AA33DB90E0F1048ECF0EF516 /* Pods */,
				F83D56AD2F046FA2484E56BB /* Frameworks */,
			);
			sourceTree = "<group>";
		};
		0155020225EF5D72000FA21B /* Products */ = {
			isa = PBXGroup;
			children = (
				0155020125EF5D72000FA21B /* test_mac.app */,
			);
			name = Products;
			sourceTree = "<group>";
		};
		0155020325EF5D72000FA21B /* test_mac */ = {
			isa = PBXGroup;
			children = (
				0155020425EF5D72000FA21B /* AppDelegate.swift */,
				0155020625EF5D72000FA21B /* ViewController.swift */,
				01EFB93325F095E7008A5E6E /* ak.py */,
				01D599F025F0E22B00FB2620 /* search.py */,
				01363B0E25F1EFC4001E4E82 /* pie.py */,
				01F2205F25F226F200D2E3CE /* line.py */,
				01F2205B25F20CEB00D2E3CE /* template.html */,
				0155020825EF5D74000FA21B /* Assets.xcassets */,
				0155020A25EF5D74000FA21B /* Main.storyboard */,
				0155020D25EF5D74000FA21B /* Info.plist */,
				0155020E25EF5D74000FA21B /* test_mac.entitlements */,
			);
			path = test_mac;
			sourceTree = "<group>";
		};
		AA33DB90E0F1048ECF0EF516 /* Pods */ = {
			isa = PBXGroup;
			children = (
				09CC0ACD062D2295B0A59C78 /* Pods-test_mac.debug.xcconfig */,
				1869901D61A3F3331222CAC6 /* Pods-test_mac.release.xcconfig */,
			);
			path = Pods;
			sourceTree = "<group>";
		};
		F83D56AD2F046FA2484E56BB /* Frameworks */ = {
			isa = PBXGroup;
			children = (
				01799BA9B7FC9B099094DE3A /* Pods_test_mac.framework */,
			);
			name = Frameworks;
			sourceTree = "<group>";
		};
/* End PBXGroup section */

/* Begin PBXNativeTarget section */
		0155020025EF5D72000FA21B /* test_mac */ = {
			isa = PBXNativeTarget;
			buildConfigurationList = 0155021125EF5D74000FA21B /* Build configuration list for PBXNativeTarget "test_mac" */;
			buildPhases = (
				266DC9DA575C8E1AF785EE40 /* [CP] Check Pods Manifest.lock */,
				015501FD25EF5D72000FA21B /* Sources */,
				015501FE25EF5D72000FA21B /* Frameworks */,
				015501FF25EF5D72000FA21B /* Resources */,
				8764BA969F89BBBD612DCF7F /* [CP] Embed Pods Frameworks */,
			);
			buildRules = (
			);
			dependencies = (
			);
			name = test_mac;
			productName = test_mac;
			productReference = 0155020125EF5D72000FA21B /* test_mac.app */;
			productType = "com.apple.product-type.application";
		};
/* End PBXNativeTarget section */

/* Begin PBXProject section */
		015501F925EF5D72000FA21B /* Project object */ = {
			isa = PBXProject;
			attributes = {
				LastSwiftUpdateCheck = 1200;
				LastUpgradeCheck = 1200;
				TargetAttributes = {
					0155020025EF5D72000FA21B = {
						CreatedOnToolsVersion = 12.0;
					};
				};
			};
			buildConfigurationList = 015501FC25EF5D72000FA21B /* Build configuration list for PBXProject "test_mac" */;
			compatibilityVersion = "Xcode 9.3";
			developmentRegion = en;
			hasScannedForEncodings = 0;
			knownRegions = (
				en,
				Base,
			);
			mainGroup = 015501F825EF5D72000FA21B;
			productRefGroup = 0155020225EF5D72000FA21B /* Products */;
			projectDirPath = "";
			projectRoot = "";
			targets = (
				0155020025EF5D72000FA21B /* test_mac */,
			);
		};
/* End PBXProject section */

/* Begin PBXResourcesBuildPhase section */
		015501FF25EF5D72000FA21B /* Resources */ = {
			isa = PBXResourcesBuildPhase;
			buildActionMask = 2147483647;
			files = (
				01D599F125F0E22B00FB2620 /* search.py in Resources */,
				01363B0F25F1EFC4001E4E82 /* pie.py in Resources */,
				01F2206025F226F200D2E3CE /* line.py in Resources */,
				01EFB93425F095E7008A5E6E /* ak.py in Resources */,
				0155020925EF5D74000FA21B /* Assets.xcassets in Resources */,
				0155020C25EF5D74000FA21B /* Main.storyboard in Resources */,
				01F2205C25F20CEB00D2E3CE /* template.html in Resources */,
			);
			runOnlyForDeploymentPostprocessing = 0;
		};
/* End PBXResourcesBuildPhase section */

/* Begin PBXShellScriptBuildPhase section */
		266DC9DA575C8E1AF785EE40 /* [CP] Check Pods Manifest.lock */ = {
			isa = PBXShellScriptBuildPhase;
			buildActionMask = 2147483647;
			files = (
			);
			inputFileListPaths = (
			);
			inputPaths = (
				"${PODS_PODFILE_DIR_PATH}/Podfile.lock",
				"${PODS_ROOT}/Manifest.lock",
			);
			name = "[CP] Check Pods Manifest.lock";
			outputFileListPaths = (
			);
			outputPaths = (
				"$(DERIVED_FILE_DIR)/Pods-test_mac-checkManifestLockResult.txt",
			);
			runOnlyForDeploymentPostprocessing = 0;
			shellPath = /bin/sh;
			shellScript = "diff \"${PODS_PODFILE_DIR_PATH}/Podfile.lock\" \"${PODS_ROOT}/Manifest.lock\" > /dev/null\nif [ $? != 0 ] ; then\n    # print error to STDERR\n    echo \"error: The sandbox is not in sync with the Podfile.lock. Run 'pod install' or update your CocoaPods installation.\" >&2\n    exit 1\nfi\n# This output is used by Xcode 'outputs' to avoid re-running this script phase.\necho \"SUCCESS\" > \"${SCRIPT_OUTPUT_FILE_0}\"\n";
			showEnvVarsInLog = 0;
		};
		8764BA969F89BBBD612DCF7F /* [CP] Embed Pods Frameworks */ = {
			isa = PBXShellScriptBuildPhase;
			buildActionMask = 2147483647;
			files = (
			);
			inputFileListPaths = (
				"${PODS_ROOT}/Target Support Files/Pods-test_mac/Pods-test_mac-frameworks-${CONFIGURATION}-input-files.xcfilelist",
			);
			name = "[CP] Embed Pods Frameworks";
			outputFileListPaths = (
				"${PODS_ROOT}/Target Support Files/Pods-test_mac/Pods-test_mac-frameworks-${CONFIGURATION}-output-files.xcfilelist",
			);
			runOnlyForDeploymentPostprocessing = 0;
			shellPath = /bin/sh;
			shellScript = "\"${PODS_ROOT}/Target Support Files/Pods-test_mac/Pods-test_mac-frameworks.sh\"\n";
			showEnvVarsInLog = 0;
		};
/* End PBXShellScriptBuildPhase section */

/* Begin PBXSourcesBuildPhase section */
		015501FD25EF5D72000FA21B /* Sources */ = {
			isa = PBXSourcesBuildPhase;
			buildActionMask = 2147483647;
			files = (
				0155020725EF5D72000FA21B /* ViewController.swift in Sources */,
				0155020525EF5D72000FA21B /* AppDelegate.swift in Sources */,
			);
			runOnlyForDeploymentPostprocessing = 0;
		};
/* End PBXSourcesBuildPhase section */

/* Begin PBXVariantGroup section */
		0155020A25EF5D74000FA21B /* Main.storyboard */ = {
			isa = PBXVariantGroup;
			children = (
				0155020B25EF5D74000FA21B /* Base */,
			);
			name = Main.storyboard;
			sourceTree = "<group>";
		};
/* End PBXVariantGroup section */

/* Begin XCBuildConfiguration section */
		0155020F25EF5D74000FA21B /* Debug */ = {
			isa = XCBuildConfiguration;
			buildSettings = {
				ALWAYS_SEARCH_USER_PATHS = NO;
				CLANG_ANALYZER_NONNULL = YES;
				CLANG_ANALYZER_NUMBER_OBJECT_CONVERSION = YES_AGGRESSIVE;
				CLANG_CXX_LANGUAGE_STANDARD = "gnu++14";
				CLANG_CXX_LIBRARY = "libc++";
				CLANG_ENABLE_MODULES = YES;
				CLANG_ENABLE_OBJC_ARC = YES;
				CLANG_ENABLE_OBJC_WEAK = YES;
				CLANG_WARN_BLOCK_CAPTURE_AUTORELEASING = YES;
				CLANG_WARN_BOOL_CONVERSION = YES;
				CLANG_WARN_COMMA = YES;
				CLANG_WARN_CONSTANT_CONVERSION = YES;
				CLANG_WARN_DEPRECATED_OBJC_IMPLEMENTATIONS = YES;
				CLANG_WARN_DIRECT_OBJC_ISA_USAGE = YES_ERROR;
				CLANG_WARN_DOCUMENTATION_COMMENTS = YES;
				CLANG_WARN_EMPTY_BODY = YES;
				CLANG_WARN_ENUM_CONVERSION = YES;
				CLANG_WARN_INFINITE_RECURSION = YES;
				CLANG_WARN_INT_CONVERSION = YES;
				CLANG_WARN_NON_LITERAL_NULL_CONVERSION = YES;
				CLANG_WARN_OBJC_IMPLICIT_RETAIN_SELF = YES;
				CLANG_WARN_OBJC_LITERAL_CONVERSION = YES;
				CLANG_WARN_OBJC_ROOT_CLASS = YES_ERROR;
				CLANG_WARN_QUOTED_INCLUDE_IN_FRAMEWORK_HEADER = YES;
				CLANG_WARN_RANGE_LOOP_ANALYSIS = YES;
				CLANG_WARN_STRICT_PROTOTYPES = YES;
				CLANG_WARN_SUSPICIOUS_MOVE = YES;
				CLANG_WARN_UNGUARDED_AVAILABILITY = YES_AGGRESSIVE;
				CLANG_WARN_UNREACHABLE_CODE = YES;
				CLANG_WARN__DUPLICATE_METHOD_MATCH = YES;
				COPY_PHASE_STRIP = NO;
				DEBUG_INFORMATION_FORMAT = dwarf;
				ENABLE_STRICT_OBJC_MSGSEND = YES;
				ENABLE_TESTABILITY = YES;
				GCC_C_LANGUAGE_STANDARD = gnu11;
				GCC_DYNAMIC_NO_PIC = NO;
				GCC_NO_COMMON_BLOCKS = YES;
				GCC_OPTIMIZATION_LEVEL = 0;
				GCC_PREPROCESSOR_DEFINITIONS = (
					"DEBUG=1",
					"$(inherited)",
				);
				GCC_WARN_64_TO_32_BIT_CONVERSION = YES;
				GCC_WARN_ABOUT_RETURN_TYPE = YES_ERROR;
				GCC_WARN_UNDECLARED_SELECTOR = YES;
				GCC_WARN_UNINITIALIZED_AUTOS = YES_AGGRESSIVE;
				GCC_WARN_UNUSED_FUNCTION = YES;
				GCC_WARN_UNUSED_VARIABLE = YES;
				MACOSX_DEPLOYMENT_TARGET = 10.15;
				MTL_ENABLE_DEBUG_INFO = INCLUDE_SOURCE;
				MTL_FAST_MATH = YES;
				ONLY_ACTIVE_ARCH = YES;
				SDKROOT = macosx;
				SWIFT_ACTIVE_COMPILATION_CONDITIONS = DEBUG;
				SWIFT_OPTIMIZATION_LEVEL = "-Onone";
			};
			name = Debug;
		};
		0155021025EF5D74000FA21B /* Release */ = {
			isa = XCBuildConfiguration;
			buildSettings = {
				ALWAYS_SEARCH_USER_PATHS = NO;
				CLANG_ANALYZER_NONNULL = YES;
				CLANG_ANALYZER_NUMBER_OBJECT_CONVERSION = YES_AGGRESSIVE;
				CLANG_CXX_LANGUAGE_STANDARD = "gnu++14";
				CLANG_CXX_LIBRARY = "libc++";
				CLANG_ENABLE_MODULES = YES;
				CLANG_ENABLE_OBJC_ARC = YES;
				CLANG_ENABLE_OBJC_WEAK = YES;
				CLANG_WARN_BLOCK_CAPTURE_AUTORELEASING = YES;
				CLANG_WARN_BOOL_CONVERSION = YES;
				CLANG_WARN_COMMA = YES;
				CLANG_WARN_CONSTANT_CONVERSION = YES;
				CLANG_WARN_DEPRECATED_OBJC_IMPLEMENTATIONS = YES;
				CLANG_WARN_DIRECT_OBJC_ISA_USAGE = YES_ERROR;
				CLANG_WARN_DOCUMENTATION_COMMENTS = YES;
				CLANG_WARN_EMPTY_BODY = YES;
				CLANG_WARN_ENUM_CONVERSION = YES;
				CLANG_WARN_INFINITE_RECURSION = YES;
				CLANG_WARN_INT_CONVERSION = YES;
				CLANG_WARN_NON_LITERAL_NULL_CONVERSION = YES;
				CLANG_WARN_OBJC_IMPLICIT_RETAIN_SELF = YES;
				CLANG_WARN_OBJC_LITERAL_CONVERSION = YES;
				CLANG_WARN_OBJC_ROOT_CLASS = YES_ERROR;
				CLANG_WARN_QUOTED_INCLUDE_IN_FRAMEWORK_HEADER = YES;
				CLANG_WARN_RANGE_LOOP_ANALYSIS = YES;
				CLANG_WARN_STRICT_PROTOTYPES = YES;
				CLANG_WARN_SUSPICIOUS_MOVE = YES;
				CLANG_WARN_UNGUARDED_AVAILABILITY = YES_AGGRESSIVE;
				CLANG_WARN_UNREACHABLE_CODE = YES;
				CLANG_WARN__DUPLICATE_METHOD_MATCH = YES;
				COPY_PHASE_STRIP = NO;
				DEBUG_INFORMATION_FORMAT = "dwarf-with-dsym";
				ENABLE_NS_ASSERTIONS = NO;
				ENABLE_STRICT_OBJC_MSGSEND = YES;
				GCC_C_LANGUAGE_STANDARD = gnu11;
				GCC_NO_COMMON_BLOCKS = YES;
				GCC_WARN_64_TO_32_BIT_CONVERSION = YES;
				GCC_WARN_ABOUT_RETURN_TYPE = YES_ERROR;
				GCC_WARN_UNDECLARED_SELECTOR = YES;
				GCC_WARN_UNINITIALIZED_AUTOS = YES_AGGRESSIVE;
				GCC_WARN_UNUSED_FUNCTION = YES;
				GCC_WARN_UNUSED_VARIABLE = YES;
				MACOSX_DEPLOYMENT_TARGET = 10.15;
				MTL_ENABLE_DEBUG_INFO = NO;
				MTL_FAST_MATH = YES;
				SDKROOT = macosx;
				SWIFT_COMPILATION_MODE = wholemodule;
				SWIFT_OPTIMIZATION_LEVEL = "-O";
			};
			name = Release;
		};
		0155021225EF5D74000FA21B /* Debug */ = {
			isa = XCBuildConfiguration;
			baseConfigurationReference = 09CC0ACD062D2295B0A59C78 /* Pods-test_mac.debug.xcconfig */;
			buildSettings = {
				ASSETCATALOG_COMPILER_APPICON_NAME = AppIcon;
				ASSETCATALOG_COMPILER_GLOBAL_ACCENT_COLOR_NAME = AccentColor;
				CODE_SIGN_ENTITLEMENTS = test_mac/test_mac.entitlements;
				CODE_SIGN_IDENTITY = "Apple Development";
				CODE_SIGN_STYLE = Automatic;
				COMBINE_HIDPI_IMAGES = YES;
				DEVELOPMENT_TEAM = 6CQ5D936D9;
				ENABLE_HARDENED_RUNTIME = YES;
				INFOPLIST_FILE = test_mac/Info.plist;
				LD_RUNPATH_SEARCH_PATHS = (
					"$(inherited)",
					"@executable_path/../Frameworks",
				);
				PRODUCT_BUNDLE_IDENTIFIER = com.aikesi.createPie;
				PRODUCT_NAME = "$(TARGET_NAME)";
				SWIFT_VERSION = 5.0;
			};
			name = Debug;
		};
		0155021325EF5D74000FA21B /* Release */ = {
			isa = XCBuildConfiguration;
			baseConfigurationReference = 1869901D61A3F3331222CAC6 /* Pods-test_mac.release.xcconfig */;
			buildSettings = {
				ASSETCATALOG_COMPILER_APPICON_NAME = AppIcon;
				ASSETCATALOG_COMPILER_GLOBAL_ACCENT_COLOR_NAME = AccentColor;
				CODE_SIGN_ENTITLEMENTS = test_mac/test_mac.entitlements;
				CODE_SIGN_IDENTITY = "Apple Development";
				CODE_SIGN_STYLE = Automatic;
				COMBINE_HIDPI_IMAGES = YES;
				DEVELOPMENT_TEAM = 6CQ5D936D9;
				ENABLE_HARDENED_RUNTIME = YES;
				INFOPLIST_FILE = test_mac/Info.plist;
				LD_RUNPATH_SEARCH_PATHS = (
					"$(inherited)",
					"@executable_path/../Frameworks",
				);
				PRODUCT_BUNDLE_IDENTIFIER = com.aikesi.createPie;
				PRODUCT_NAME = "$(TARGET_NAME)";
				SWIFT_VERSION = 5.0;
			};
			name = Release;
		};
/* End XCBuildConfiguration section */

/* Begin XCConfigurationList section */
		015501FC25EF5D72000FA21B /* Build configuration list for PBXProject "test_mac" */ = {
			isa = XCConfigurationList;
			buildConfigurations = (
				0155020F25EF5D74000FA21B /* Debug */,
				0155021025EF5D74000FA21B /* Release */,
			);
			defaultConfigurationIsVisible = 0;
			defaultConfigurationName = Release;
		};
		0155021125EF5D74000FA21B /* Build configuration list for PBXNativeTarget "test_mac" */ = {
			isa = XCConfigurationList;
			buildConfigurations = (
				0155021225EF5D74000FA21B /* Debug */,
				0155021325EF5D74000FA21B /* Release */,
			);
			defaultConfigurationIsVisible = 0;
			defaultConfigurationName = Release;
		};
/* End XCConfigurationList section */
	};
	rootObject = 015501F925EF5D72000FA21B /* Project object */;
}
